
Microsoft Visual Studio Solution File, Format Version 12.00
# Visual Studio Version 16
VisualStudioVersion = 16.0.28729.10
MinimumVisualStudioVersion = 10.0.40219.1
Project("{9A19103F-16F7-4668-BE54-9A1E7A4F7556}") = "JoelMcBethWebsite", "JoelMcBethWebsite\JoelMcBethWebsite.csproj", "{0496203A-71A6-49E2-8049-0A540CD5FF49}"
EndProject
Project("{00D1A9C2-B5F0-4AF3-8072-F6C62B433612}") = "JoelMcBethWebsite.Database", "JoelMcBethWebsite.Database\JoelMcBethWebsite.Database.sqlproj", "{C741CFB5-7506-4512-86BC-320E93B71606}"
EndProject
Project("{2150E333-8FDC-42A3-9474-1A3956D46DE8}") = "Solution Items", "Solution Items", "{D3108818-CBCB-4DA6-A666-626AAB89FB3B}"
	ProjectSection(SolutionItems) = preProject
		JoelMcBethWebsite.ruleset = JoelMcBethWebsite.ruleset
		stylecop.json = stylecop.json
	EndProjectSection
EndProject
Project("{9A19103F-16F7-4668-BE54-9A1E7A4F7556}") = "JoelMcBethWebsite.WebApi.Tests", "JoelMcBethWebsite.WebApi.Tests\JoelMcBethWebsite.WebApi.Tests.csproj", "{A156FC24-06C5-402A-B9B2-618AC038B622}"
EndProject
Project("{2150E333-8FDC-42A3-9474-1A3956D46DE8}") = "Scripts", "Scripts", "{28FC6C4E-2E48-4526-A0AE-78E2E4A4D80A}"
	ProjectSection(SolutionItems) = preProject
		Generate-Key.ps1 = Generate-Key.ps1
	EndProjectSection
EndProject
Project("{FAE04EC0-301F-11D3-BF4B-00C04F79EFBC}") = "JoelMcBethWebsite.WebApi", "JoelMcBethWebsite.WebApi\JoelMcBethWebsite.WebApi.csproj", "{12E51DD4-6BF5-445A-87F1-8B7EEF171EDD}"
EndProject
Project("{FAE04EC0-301F-11D3-BF4B-00C04F79EFBC}") = "JoelMcBethWebsite.Common", "JoelMcBethWebsite.Common\JoelMcBethWebsite.Common.csproj", "{F106FEDD-3970-4FF1-A954-C45DE03FE07C}"
EndProject
Project("{FAE04EC0-301F-11D3-BF4B-00C04F79EFBC}") = "JoelMcBethWebsite.Data.EntityFramework", "JoelMcBethWebsite.Data.EntityFramework\JoelMcBethWebsite.Data.EntityFramework.csproj", "{5E79944A-83BA-446D-B657-93F6AF424238}"
EndProject
Global
	GlobalSection(SolutionConfigurationPlatforms) = preSolution
		Debug|Any CPU = Debug|Any CPU
		Release|Any CPU = Release|Any CPU
	EndGlobalSection
	GlobalSection(ProjectConfigurationPlatforms) = postSolution
		{0496203A-71A6-49E2-8049-0A540CD5FF49}.Debug|Any CPU.ActiveCfg = Debug|Any CPU
		{0496203A-71A6-49E2-8049-0A540CD5FF49}.Debug|Any CPU.Build.0 = Debug|Any CPU
		{0496203A-71A6-49E2-8049-0A540CD5FF49}.Release|Any CPU.ActiveCfg = Release|Any CPU
		{0496203A-71A6-49E2-8049-0A540CD5FF49}.Release|Any CPU.Build.0 = Release|Any CPU
		{C741CFB5-7506-4512-86BC-320E93B71606}.Debug|Any CPU.ActiveCfg = Debug|Any CPU
		{C741CFB5-7506-4512-86BC-320E93B71606}.Debug|Any CPU.Build.0 = Debug|Any CPU
		{C741CFB5-7506-4512-86BC-320E93B71606}.Debug|Any CPU.Deploy.0 = Debug|Any CPU
		{C741CFB5-7506-4512-86BC-320E93B71606}.Release|Any CPU.ActiveCfg = Release|Any CPU
		{C741CFB5-7506-4512-86BC-320E93B71606}.Release|Any CPU.Build.0 = Release|Any CPU
		{C741CFB5-7506-4512-86BC-320E93B71606}.Release|Any CPU.Deploy.0 = Release|Any CPU
		{A156FC24-06C5-402A-B9B2-618AC038B622}.Debug|Any CPU.ActiveCfg = Debug|Any CPU
		{A156FC24-06C5-402A-B9B2-618AC038B622}.Debug|Any CPU.Build.0 = Debug|Any CPU
		{A156FC24-06C5-402A-B9B2-618AC038B622}.Release|Any CPU.ActiveCfg = Release|Any CPU
		{A156FC24-06C5-402A-B9B2-618AC038B622}.Release|Any CPU.Build.0 = Release|Any CPU
		{12E51DD4-6BF5-445A-87F1-8B7EEF171EDD}.Debug|Any CPU.ActiveCfg = Debug|Any CPU
		{12E51DD4-6BF5-445A-87F1-8B7EEF171EDD}.Debug|Any CPU.Build.0 = Debug|Any CPU
		{12E51DD4-6BF5-445A-87F1-8B7EEF171EDD}.Release|Any CPU.ActiveCfg = Release|Any CPU
		{12E51DD4-6BF5-445A-87F1-8B7EEF171EDD}.Release|Any CPU.Build.0 = Release|Any CPU
		{F106FEDD-3970-4FF1-A954-C45DE03FE07C}.Debug|Any CPU.ActiveCfg = Debug|Any CPU
		{F106FEDD-3970-4FF1-A954-C45DE03FE07C}.Debug|Any CPU.Build.0 = Debug|Any CPU
		{F106FEDD-3970-4FF1-A954-C45DE03FE07C}.Release|Any CPU.ActiveCfg = Release|Any CPU
		{F106FEDD-3970-4FF1-A954-C45DE03FE07C}.Release|Any CPU.Build.0 = Release|Any CPU
		{5E79944A-83BA-446D-B657-93F6AF424238}.Debug|Any CPU.ActiveCfg = Debug|Any CPU
		{5E79944A-83BA-446D-B657-93F6AF424238}.Debug|Any CPU.Build.0 = Debug|Any CPU
		{5E79944A-83BA-446D-B657-93F6AF424238}.Release|Any CPU.ActiveCfg = Release|Any CPU
		{5E79944A-83BA-446D-B657-93F6AF424238}.Release|Any CPU.Build.0 = Release|Any CPU
	EndGlobalSection
	GlobalSection(SolutionProperties) = preSolution
		HideSolutionNode = FALSE
	EndGlobalSection
	GlobalSection(NestedProjects) = preSolution
		{28FC6C4E-2E48-4526-A0AE-78E2E4A4D80A} = {D3108818-CBCB-4DA6-A666-626AAB89FB3B}
	EndGlobalSection
	GlobalSection(ExtensibilityGlobals) = postSolution
		SolutionGuid = {50700E5E-D139-4FAB-95D3-B9B3279A8217}
	EndGlobalSection
EndGlobal
