{
  "name": "joelmcbethwebsite",
  "version": "1.0.0",
  "lockfileVersion": 1,
  "requires": true,
  "dependencies": {
    "@types/angular": {
      "version": "1.6.52",
      "resolved": "https://registry.npmjs.org/@types/angular/-/angular-1.6.52.tgz",
      "integrity": "sha512-0Z9Sot6/vaEIHHaXpHLKX8g4hCOmC+0LNZw8nEXhYgtw/VNjsaf30hhe+WOXHuk+/+Qze/OBrogPU+lCEURrhQ==",
      "dev": true
    }
  }
}
